
Microsoft Visual Studio Solution File, Format Version 12.00
# Visual Studio 15
VisualStudioVersion = 15.0.27428.2011
MinimumVisualStudioVersion = 10.0.40219.1
Project("{FAE04EC0-301F-11D3-BF4B-00C04F79EFBC}") = "CurrencyProfitPair", "CurrencyProfitPair\CurrencyProfitPair.csproj", "{F9ACC7AC-95FD-48D6-B976-71C0E80F2E5F}"
EndProject
Project("{FAE04EC0-301F-11D3-BF4B-00C04F79EFBC}") = "UnitTests", "UnitTests\UnitTests.csproj", "{D185A3F9-2395-48FC-A421-21FA33B63558}"
EndProject
Global
	GlobalSection(SolutionConfigurationPlatforms) = preSolution
		Debug|Any CPU = Debug|Any CPU
		Release|Any CPU = Release|Any CPU
	EndGlobalSection
	GlobalSection(ProjectConfigurationPlatforms) = postSolution
		{F9ACC7AC-95FD-48D6-B976-71C0E80F2E5F}.Debug|Any CPU.ActiveCfg = Debug|Any CPU
		{F9ACC7AC-95FD-48D6-B976-71C0E80F2E5F}.Debug|Any CPU.Build.0 = Debug|Any CPU
		{F9ACC7AC-95FD-48D6-B976-71C0E80F2E5F}.Release|Any CPU.ActiveCfg = Release|Any CPU
		{F9ACC7AC-95FD-48D6-B976-71C0E80F2E5F}.Release|Any CPU.Build.0 = Release|Any CPU
		{D185A3F9-2395-48FC-A421-21FA33B63558}.Debug|Any CPU.ActiveCfg = Debug|Any CPU
		{D185A3F9-2395-48FC-A421-21FA33B63558}.Debug|Any CPU.Build.0 = Debug|Any CPU
		{D185A3F9-2395-48FC-A421-21FA33B63558}.Release|Any CPU.ActiveCfg = Release|Any CPU
		{D185A3F9-2395-48FC-A421-21FA33B63558}.Release|Any CPU.Build.0 = Release|Any CPU
	EndGlobalSection
	GlobalSection(SolutionProperties) = preSolution
		HideSolutionNode = FALSE
	EndGlobalSection
	GlobalSection(ExtensibilityGlobals) = postSolution
		SolutionGuid = {8A7E2CEF-7B9A-43CF-AD42-D84EE91D0D91}
	EndGlobalSection
EndGlobal
